
Microsoft Visual Studio Solution File, Format Version 12.00
# Visual Studio Version 17
VisualStudioVersion = 17.10.35013.160
MinimumVisualStudioVersion = 10.0.40219.1
Project("{FAE04EC0-301F-11D3-BF4B-00C04F79EFBC}") = "theReplicatorOfDto", "theReplicatorOfDto\theReplicatorOfDto.csproj", "{62131BCE-F44E-4A2C-A214-21DF233BD87C}"
EndProject
Global
	GlobalSection(SolutionConfigurationPlatforms) = preSolution
		Debug|Any CPU = Debug|Any CPU
		Release|Any CPU = Release|Any CPU
	EndGlobalSection
	GlobalSection(ProjectConfigurationPlatforms) = postSolution
		{62131BCE-F44E-4A2C-A214-21DF233BD87C}.Debug|Any CPU.ActiveCfg = Debug|Any CPU
		{62131BCE-F44E-4A2C-A214-21DF233BD87C}.Debug|Any CPU.Build.0 = Debug|Any CPU
		{62131BCE-F44E-4A2C-A214-21DF233BD87C}.Release|Any CPU.ActiveCfg = Release|Any CPU
		{62131BCE-F44E-4A2C-A214-21DF233BD87C}.Release|Any CPU.Build.0 = Release|Any CPU
	EndGlobalSection
	GlobalSection(SolutionProperties) = preSolution
		HideSolutionNode = FALSE
	EndGlobalSection
	GlobalSection(ExtensibilityGlobals) = postSolution
		SolutionGuid = {CFF1E9DF-2C5C-47DF-B10C-9EDDB5005EB0}
	EndGlobalSection
EndGlobal
