
Microsoft Visual Studio Solution File, Format Version 12.00
# Visual Studio Version 17
VisualStudioVersion = 17.10.35013.160
MinimumVisualStudioVersion = 10.0.40219.1
Project("{FAE04EC0-301F-11D3-BF4B-00C04F79EFBC}") = "VinFletchersArrows", "VinFletchersArrows.csproj", "{73C0710B-EA8B-4ABF-9973-18D215C101D5}"
EndProject
Global
	GlobalSection(SolutionConfigurationPlatforms) = preSolution
		Debug|Any CPU = Debug|Any CPU
		Release|Any CPU = Release|Any CPU
	EndGlobalSection
	GlobalSection(ProjectConfigurationPlatforms) = postSolution
		{73C0710B-EA8B-4ABF-9973-18D215C101D5}.Debug|Any CPU.ActiveCfg = Debug|Any CPU
		{73C0710B-EA8B-4ABF-9973-18D215C101D5}.Debug|Any CPU.Build.0 = Debug|Any CPU
		{73C0710B-EA8B-4ABF-9973-18D215C101D5}.Release|Any CPU.ActiveCfg = Release|Any CPU
		{73C0710B-EA8B-4ABF-9973-18D215C101D5}.Release|Any CPU.Build.0 = Release|Any CPU
	EndGlobalSection
	GlobalSection(SolutionProperties) = preSolution
		HideSolutionNode = FALSE
	EndGlobalSection
	GlobalSection(ExtensibilityGlobals) = postSolution
		SolutionGuid = {AD62DE6F-CBAD-43BF-83FC-376812583253}
	EndGlobalSection
EndGlobal
