
Microsoft Visual Studio Solution File, Format Version 12.00
# Visual Studio Version 17
VisualStudioVersion = 17.10.35013.160
MinimumVisualStudioVersion = 10.0.40219.1
Project("{FAE04EC0-301F-11D3-BF4B-00C04F79EFBC}") = "HuntingTheManticore", "HuntingTheManticore.csproj", "{F03CAA83-AB04-4C3A-AEA6-33E3A7B28921}"
EndProject
Global
	GlobalSection(SolutionConfigurationPlatforms) = preSolution
		Debug|Any CPU = Debug|Any CPU
		Release|Any CPU = Release|Any CPU
	EndGlobalSection
	GlobalSection(ProjectConfigurationPlatforms) = postSolution
		{F03CAA83-AB04-4C3A-AEA6-33E3A7B28921}.Debug|Any CPU.ActiveCfg = Debug|Any CPU
		{F03CAA83-AB04-4C3A-AEA6-33E3A7B28921}.Debug|Any CPU.Build.0 = Debug|Any CPU
		{F03CAA83-AB04-4C3A-AEA6-33E3A7B28921}.Release|Any CPU.ActiveCfg = Release|Any CPU
		{F03CAA83-AB04-4C3A-AEA6-33E3A7B28921}.Release|Any CPU.Build.0 = Release|Any CPU
	EndGlobalSection
	GlobalSection(SolutionProperties) = preSolution
		HideSolutionNode = FALSE
	EndGlobalSection
	GlobalSection(ExtensibilityGlobals) = postSolution
		SolutionGuid = {8D76E76C-57E7-4A98-8652-545D5C18703E}
	EndGlobalSection
EndGlobal
